
Microsoft Visual Studio Solution File, Format Version 12.00
# Visual Studio 15
VisualStudioVersion = 15.0.27703.2042
MinimumVisualStudioVersion = 10.0.40219.1
Project("{FAE04EC0-301F-11D3-BF4B-00C04F79EFBC}") = "GraphsDemo", "GraphsDemo\GraphsDemo.csproj", "{959B7F1F-B29B-44D9-8496-3E7AD41E4F17}"
EndProject
Project("{FAE04EC0-301F-11D3-BF4B-00C04F79EFBC}") = "ToplogySorting", "ToplogySorting\ToplogySorting.csproj", "{39DDDC18-22B6-46FB-BEFB-C6DD729AA7E8}"
EndProject
Global
	GlobalSection(SolutionConfigurationPlatforms) = preSolution
		Debug|Any CPU = Debug|Any CPU
		Release|Any CPU = Release|Any CPU
	EndGlobalSection
	GlobalSection(ProjectConfigurationPlatforms) = postSolution
		{959B7F1F-B29B-44D9-8496-3E7AD41E4F17}.Debug|Any CPU.ActiveCfg = Debug|Any CPU
		{959B7F1F-B29B-44D9-8496-3E7AD41E4F17}.Debug|Any CPU.Build.0 = Debug|Any CPU
		{959B7F1F-B29B-44D9-8496-3E7AD41E4F17}.Release|Any CPU.ActiveCfg = Release|Any CPU
		{959B7F1F-B29B-44D9-8496-3E7AD41E4F17}.Release|Any CPU.Build.0 = Release|Any CPU
		{39DDDC18-22B6-46FB-BEFB-C6DD729AA7E8}.Debug|Any CPU.ActiveCfg = Debug|Any CPU
		{39DDDC18-22B6-46FB-BEFB-C6DD729AA7E8}.Debug|Any CPU.Build.0 = Debug|Any CPU
		{39DDDC18-22B6-46FB-BEFB-C6DD729AA7E8}.Release|Any CPU.ActiveCfg = Release|Any CPU
		{39DDDC18-22B6-46FB-BEFB-C6DD729AA7E8}.Release|Any CPU.Build.0 = Release|Any CPU
	EndGlobalSection
	GlobalSection(SolutionProperties) = preSolution
		HideSolutionNode = FALSE
	EndGlobalSection
	GlobalSection(ExtensibilityGlobals) = postSolution
		SolutionGuid = {08AA490E-73DE-45A6-9A89-6663F0C2C4A8}
	EndGlobalSection
EndGlobal
