
Microsoft Visual Studio Solution File, Format Version 12.00
# Visual Studio 15
VisualStudioVersion = 15.0.27703.2042
MinimumVisualStudioVersion = 10.0.40219.1
Project("{FAE04EC0-301F-11D3-BF4B-00C04F79EFBC}") = "RECURSION", "RECURSION\RECURSION.csproj", "{F3AFCBF9-8E1E-4AC6-9825-77E5FA510D65}"
EndProject
Global
	GlobalSection(SolutionConfigurationPlatforms) = preSolution
		Debug|Any CPU = Debug|Any CPU
		Release|Any CPU = Release|Any CPU
	EndGlobalSection
	GlobalSection(ProjectConfigurationPlatforms) = postSolution
		{F3AFCBF9-8E1E-4AC6-9825-77E5FA510D65}.Debug|Any CPU.ActiveCfg = Debug|Any CPU
		{F3AFCBF9-8E1E-4AC6-9825-77E5FA510D65}.Debug|Any CPU.Build.0 = Debug|Any CPU
		{F3AFCBF9-8E1E-4AC6-9825-77E5FA510D65}.Release|Any CPU.ActiveCfg = Release|Any CPU
		{F3AFCBF9-8E1E-4AC6-9825-77E5FA510D65}.Release|Any CPU.Build.0 = Release|Any CPU
	EndGlobalSection
	GlobalSection(SolutionProperties) = preSolution
		HideSolutionNode = FALSE
	EndGlobalSection
	GlobalSection(ExtensibilityGlobals) = postSolution
		SolutionGuid = {414E79E3-F80B-4FBF-9456-CD61173C05B9}
	EndGlobalSection
EndGlobal
